// !$*UTF8*$!
{
	archiveVersion = 1;
	classes = {
	};
	objectVersion = 56;
	objects = {

/* Begin PBXBuildFile section */
		810678672A11157A0024E59C /* PasswordCriteriaTests.swift in Sources */ = {isa = PBXBuildFile; fileRef = 810678662A11157A0024E59C /* PasswordCriteriaTests.swift */; };
		810678692A111A9F0024E59C /* PasswordStatusViewTests.swift in Sources */ = {isa = PBXBuildFile; fileRef = 810678682A111A9F0024E59C /* PasswordStatusViewTests.swift */; };
		8106786B2A1120940024E59C /* ViewControllerTests.swift in Sources */ = {isa = PBXBuildFile; fileRef = 8106786A2A1120940024E59C /* ViewControllerTests.swift */; };
		813B52BB2A1002A500B00F73 /* UIResponder+Utils.swift in Sources */ = {isa = PBXBuildFile; fileRef = 813B52BA2A1002A500B00F73 /* UIResponder+Utils.swift */; };
		81B34CA82A0E6AAA001FCBFD /* PasswordCriteria.swift in Sources */ = {isa = PBXBuildFile; fileRef = 81B34CA72A0E6AAA001FCBFD /* PasswordCriteria.swift */; };
		81CAD2632A0D1EB900501009 /* AppDelegate.swift in Sources */ = {isa = PBXBuildFile; fileRef = 81CAD2622A0D1EB900501009 /* AppDelegate.swift */; };
		81CAD2672A0D1EB900501009 /* ViewController.swift in Sources */ = {isa = PBXBuildFile; fileRef = 81CAD2662A0D1EB900501009 /* ViewController.swift */; };
		81CAD26C2A0D1EBA00501009 /* Assets.xcassets in Resources */ = {isa = PBXBuildFile; fileRef = 81CAD26B2A0D1EBA00501009 /* Assets.xcassets */; };
		81CAD26F2A0D1EBA00501009 /* LaunchScreen.storyboard in Resources */ = {isa = PBXBuildFile; fileRef = 81CAD26D2A0D1EBA00501009 /* LaunchScreen.storyboard */; };
		81CAD2782A0D226800501009 /* PasswordTextField.swift in Sources */ = {isa = PBXBuildFile; fileRef = 81CAD2772A0D226800501009 /* PasswordTextField.swift */; };
		81CAD27C2A0D660100501009 /* PasswordCriteriaView.swift in Sources */ = {isa = PBXBuildFile; fileRef = 81CAD27B2A0D660100501009 /* PasswordCriteriaView.swift */; };
		81CAD27E2A0D7D7400501009 /* PasswordStatusView.swift in Sources */ = {isa = PBXBuildFile; fileRef = 81CAD27D2A0D7D7400501009 /* PasswordStatusView.swift */; };
/* End PBXBuildFile section */

/* Begin PBXContainerItemProxy section */
		810678612A1114C50024E59C /* PBXContainerItemProxy */ = {
			isa = PBXContainerItemProxy;
			containerPortal = 81CAD2572A0D1EB900501009 /* Project object */;
			proxyType = 1;
			remoteGlobalIDString = 81CAD25E2A0D1EB900501009;
			remoteInfo = Password;
		};
/* End PBXContainerItemProxy section */

/* Begin PBXFileReference section */
		8106785D2A1114C50024E59C /* PasswordTests.xctest */ = {isa = PBXFileReference; explicitFileType = wrapper.cfbundle; includeInIndex = 0; path = PasswordTests.xctest; sourceTree = BUILT_PRODUCTS_DIR; };
		810678662A11157A0024E59C /* PasswordCriteriaTests.swift */ = {isa = PBXFileReference; lastKnownFileType = sourcecode.swift; path = PasswordCriteriaTests.swift; sourceTree = "<group>"; };
		810678682A111A9F0024E59C /* PasswordStatusViewTests.swift */ = {isa = PBXFileReference; lastKnownFileType = sourcecode.swift; path = PasswordStatusViewTests.swift; sourceTree = "<group>"; };
		8106786A2A1120940024E59C /* ViewControllerTests.swift */ = {isa = PBXFileReference; lastKnownFileType = sourcecode.swift; path = ViewControllerTests.swift; sourceTree = "<group>"; };
		813B52BA2A1002A500B00F73 /* UIResponder+Utils.swift */ = {isa = PBXFileReference; lastKnownFileType = sourcecode.swift; path = "UIResponder+Utils.swift"; sourceTree = "<group>"; };
		81B34CA72A0E6AAA001FCBFD /* PasswordCriteria.swift */ = {isa = PBXFileReference; lastKnownFileType = sourcecode.swift; path = PasswordCriteria.swift; sourceTree = "<group>"; };
		81CAD25F2A0D1EB900501009 /* Password.app */ = {isa = PBXFileReference; explicitFileType = wrapper.application; includeInIndex = 0; path = Password.app; sourceTree = BUILT_PRODUCTS_DIR; };
		81CAD2622A0D1EB900501009 /* AppDelegate.swift */ = {isa = PBXFileReference; lastKnownFileType = sourcecode.swift; path = AppDelegate.swift; sourceTree = "<group>"; };
		81CAD2662A0D1EB900501009 /* ViewController.swift */ = {isa = PBXFileReference; lastKnownFileType = sourcecode.swift; path = ViewController.swift; sourceTree = "<group>"; };
		81CAD26B2A0D1EBA00501009 /* Assets.xcassets */ = {isa = PBXFileReference; lastKnownFileType = folder.assetcatalog; path = Assets.xcassets; sourceTree = "<group>"; };
		81CAD26E2A0D1EBA00501009 /* Base */ = {isa = PBXFileReference; lastKnownFileType = file.storyboard; name = Base; path = Base.lproj/LaunchScreen.storyboard; sourceTree = "<group>"; };
		81CAD2702A0D1EBA00501009 /* Info.plist */ = {isa = PBXFileReference; lastKnownFileType = text.plist.xml; path = Info.plist; sourceTree = "<group>"; };
		81CAD2772A0D226800501009 /* PasswordTextField.swift */ = {isa = PBXFileReference; lastKnownFileType = sourcecode.swift; path = PasswordTextField.swift; sourceTree = "<group>"; };
		81CAD27B2A0D660100501009 /* PasswordCriteriaView.swift */ = {isa = PBXFileReference; lastKnownFileType = sourcecode.swift; path = PasswordCriteriaView.swift; sourceTree = "<group>"; };
		81CAD27D2A0D7D7400501009 /* PasswordStatusView.swift */ = {isa = PBXFileReference; lastKnownFileType = sourcecode.swift; path = PasswordStatusView.swift; sourceTree = "<group>"; };
/* End PBXFileReference section */

/* Begin PBXFrameworksBuildPhase section */
		8106785A2A1114C50024E59C /* Frameworks */ = {
			isa = PBXFrameworksBuildPhase;
			buildActionMask = 2147483647;
			files = (
			);
			runOnlyForDeploymentPostprocessing = 0;
		};
		81CAD25C2A0D1EB900501009 /* Frameworks */ = {
			isa = PBXFrameworksBuildPhase;
			buildActionMask = 2147483647;
			files = (
			);
			runOnlyForDeploymentPostprocessing = 0;
		};
/* End PBXFrameworksBuildPhase section */

/* Begin PBXGroup section */
		8106785E2A1114C50024E59C /* PasswordTests */ = {
			isa = PBXGroup;
			children = (
				810678662A11157A0024E59C /* PasswordCriteriaTests.swift */,
				810678682A111A9F0024E59C /* PasswordStatusViewTests.swift */,
				8106786A2A1120940024E59C /* ViewControllerTests.swift */,
			);
			path = PasswordTests;
			sourceTree = "<group>";
		};
		813B52B92A10029200B00F73 /* Utils */ = {
			isa = PBXGroup;
			children = (
				813B52BA2A1002A500B00F73 /* UIResponder+Utils.swift */,
			);
			name = Utils;
			sourceTree = "<group>";
		};
		81CAD2562A0D1EB900501009 = {
			isa = PBXGroup;
			children = (
				81CAD2612A0D1EB900501009 /* Password */,
				81CAD27A2A0D65D700501009 /* PasswordStatusView */,
				8106785E2A1114C50024E59C /* PasswordTests */,
				81CAD2602A0D1EB900501009 /* Products */,
			);
			sourceTree = "<group>";
		};
		81CAD2602A0D1EB900501009 /* Products */ = {
			isa = PBXGroup;
			children = (
				81CAD25F2A0D1EB900501009 /* Password.app */,
				8106785D2A1114C50024E59C /* PasswordTests.xctest */,
			);
			name = Products;
			sourceTree = "<group>";
		};
		81CAD2612A0D1EB900501009 /* Password */ = {
			isa = PBXGroup;
			children = (
				813B52B92A10029200B00F73 /* Utils */,
				81CAD2762A0D1F1700501009 /* Files */,
				81CAD2622A0D1EB900501009 /* AppDelegate.swift */,
				81CAD2662A0D1EB900501009 /* ViewController.swift */,
				81CAD2772A0D226800501009 /* PasswordTextField.swift */,
			);
			path = Password;
			sourceTree = "<group>";
		};
		81CAD2762A0D1F1700501009 /* Files */ = {
			isa = PBXGroup;
			children = (
				81CAD26B2A0D1EBA00501009 /* Assets.xcassets */,
				81CAD26D2A0D1EBA00501009 /* LaunchScreen.storyboard */,
				81CAD2702A0D1EBA00501009 /* Info.plist */,
			);
			name = Files;
			sourceTree = "<group>";
		};
		81CAD27A2A0D65D700501009 /* PasswordStatusView */ = {
			isa = PBXGroup;
			children = (
				81CAD27B2A0D660100501009 /* PasswordCriteriaView.swift */,
				81CAD27D2A0D7D7400501009 /* PasswordStatusView.swift */,
				81B34CA72A0E6AAA001FCBFD /* PasswordCriteria.swift */,
			);
			path = PasswordStatusView;
			sourceTree = "<group>";
		};
/* End PBXGroup section */

/* Begin PBXNativeTarget section */
		8106785C2A1114C50024E59C /* PasswordTests */ = {
			isa = PBXNativeTarget;
			buildConfigurationList = 810678652A1114C50024E59C /* Build configuration list for PBXNativeTarget "PasswordTests" */;
			buildPhases = (
				810678592A1114C50024E59C /* Sources */,
				8106785A2A1114C50024E59C /* Frameworks */,
				8106785B2A1114C50024E59C /* Resources */,
			);
			buildRules = (
			);
			dependencies = (
				810678622A1114C50024E59C /* PBXTargetDependency */,
			);
			name = PasswordTests;
			productName = PasswordTests;
			productReference = 8106785D2A1114C50024E59C /* PasswordTests.xctest */;
			productType = "com.apple.product-type.bundle.unit-test";
		};
		81CAD25E2A0D1EB900501009 /* Password */ = {
			isa = PBXNativeTarget;
			buildConfigurationList = 81CAD2732A0D1EBA00501009 /* Build configuration list for PBXNativeTarget "Password" */;
			buildPhases = (
				81CAD25B2A0D1EB900501009 /* Sources */,
				81CAD25C2A0D1EB900501009 /* Frameworks */,
				81CAD25D2A0D1EB900501009 /* Resources */,
			);
			buildRules = (
			);
			dependencies = (
			);
			name = Password;
			productName = Password;
			productReference = 81CAD25F2A0D1EB900501009 /* Password.app */;
			productType = "com.apple.product-type.application";
		};
/* End PBXNativeTarget section */

/* Begin PBXProject section */
		81CAD2572A0D1EB900501009 /* Project object */ = {
			isa = PBXProject;
			attributes = {
				BuildIndependentTargetsInParallel = 1;
				LastSwiftUpdateCheck = 1430;
				LastUpgradeCheck = 1430;
				TargetAttributes = {
					8106785C2A1114C50024E59C = {
						CreatedOnToolsVersion = 14.3;
						LastSwiftMigration = 1430;
						TestTargetID = 81CAD25E2A0D1EB900501009;
					};
					81CAD25E2A0D1EB900501009 = {
						CreatedOnToolsVersion = 14.3;
					};
				};
			};
			buildConfigurationList = 81CAD25A2A0D1EB900501009 /* Build configuration list for PBXProject "Password" */;
			compatibilityVersion = "Xcode 14.0";
			developmentRegion = en;
			hasScannedForEncodings = 0;
			knownRegions = (
				en,
				Base,
			);
			mainGroup = 81CAD2562A0D1EB900501009;
			productRefGroup = 81CAD2602A0D1EB900501009 /* Products */;
			projectDirPath = "";
			projectRoot = "";
			targets = (
				81CAD25E2A0D1EB900501009 /* Password */,
				8106785C2A1114C50024E59C /* PasswordTests */,
			);
		};
/* End PBXProject section */

/* Begin PBXResourcesBuildPhase section */
		8106785B2A1114C50024E59C /* Resources */ = {
			isa = PBXResourcesBuildPhase;
			buildActionMask = 2147483647;
			files = (
			);
			runOnlyForDeploymentPostprocessing = 0;
		};
		81CAD25D2A0D1EB900501009 /* Resources */ = {
			isa = PBXResourcesBuildPhase;
			buildActionMask = 2147483647;
			files = (
				81CAD26F2A0D1EBA00501009 /* LaunchScreen.storyboard in Resources */,
				81CAD26C2A0D1EBA00501009 /* Assets.xcassets in Resources */,
			);
			runOnlyForDeploymentPostprocessing = 0;
		};
/* End PBXResourcesBuildPhase section */

/* Begin PBXSourcesBuildPhase section */
		810678592A1114C50024E59C /* Sources */ = {
			isa = PBXSourcesBuildPhase;
			buildActionMask = 2147483647;
			files = (
				8106786B2A1120940024E59C /* ViewControllerTests.swift in Sources */,
				810678672A11157A0024E59C /* PasswordCriteriaTests.swift in Sources */,
				810678692A111A9F0024E59C /* PasswordStatusViewTests.swift in Sources */,
			);
			runOnlyForDeploymentPostprocessing = 0;
		};
		81CAD25B2A0D1EB900501009 /* Sources */ = {
			isa = PBXSourcesBuildPhase;
			buildActionMask = 2147483647;
			files = (
				81CAD2672A0D1EB900501009 /* ViewController.swift in Sources */,
				813B52BB2A1002A500B00F73 /* UIResponder+Utils.swift in Sources */,
				81B34CA82A0E6AAA001FCBFD /* PasswordCriteria.swift in Sources */,
				81CAD2632A0D1EB900501009 /* AppDelegate.swift in Sources */,
				81CAD27C2A0D660100501009 /* PasswordCriteriaView.swift in Sources */,
				81CAD27E2A0D7D7400501009 /* PasswordStatusView.swift in Sources */,
				81CAD2782A0D226800501009 /* PasswordTextField.swift in Sources */,
			);
			runOnlyForDeploymentPostprocessing = 0;
		};
/* End PBXSourcesBuildPhase section */

/* Begin PBXTargetDependency section */
		810678622A1114C50024E59C /* PBXTargetDependency */ = {
			isa = PBXTargetDependency;
			target = 81CAD25E2A0D1EB900501009 /* Password */;
			targetProxy = 810678612A1114C50024E59C /* PBXContainerItemProxy */;
		};
/* End PBXTargetDependency section */

/* Begin PBXVariantGroup section */
		81CAD26D2A0D1EBA00501009 /* LaunchScreen.storyboard */ = {
			isa = PBXVariantGroup;
			children = (
				81CAD26E2A0D1EBA00501009 /* Base */,
			);
			name = LaunchScreen.storyboard;
			sourceTree = "<group>";
		};
/* End PBXVariantGroup section */

/* Begin XCBuildConfiguration section */
		810678632A1114C50024E59C /* Debug */ = {
			isa = XCBuildConfiguration;
			buildSettings = {
				BUNDLE_LOADER = "$(TEST_HOST)";
				CLANG_ENABLE_MODULES = YES;
				CODE_SIGN_STYLE = Automatic;
				CURRENT_PROJECT_VERSION = 1;
				DEVELOPMENT_TEAM = 94LFJU4598;
				GENERATE_INFOPLIST_FILE = YES;
				MARKETING_VERSION = 1.0;
				PRODUCT_BUNDLE_IDENTIFIER = damaren.PasswordTests;
				PRODUCT_NAME = "$(TARGET_NAME)";
				SWIFT_EMIT_LOC_STRINGS = NO;
				SWIFT_OPTIMIZATION_LEVEL = "-Onone";
				SWIFT_VERSION = 5.0;
				TARGETED_DEVICE_FAMILY = "1,2";
				TEST_HOST = "$(BUILT_PRODUCTS_DIR)/Password.app/$(BUNDLE_EXECUTABLE_FOLDER_PATH)/Password";
			};
			name = Debug;
		};
		810678642A1114C50024E59C /* Release */ = {
			isa = XCBuildConfiguration;
			buildSettings = {
				BUNDLE_LOADER = "$(TEST_HOST)";
				CLANG_ENABLE_MODULES = YES;
				CODE_SIGN_STYLE = Automatic;
				CURRENT_PROJECT_VERSION = 1;
				DEVELOPMENT_TEAM = 94LFJU4598;
				GENERATE_INFOPLIST_FILE = YES;
				MARKETING_VERSION = 1.0;
				PRODUCT_BUNDLE_IDENTIFIER = damaren.PasswordTests;
				PRODUCT_NAME = "$(TARGET_NAME)";
				SWIFT_EMIT_LOC_STRINGS = NO;
				SWIFT_VERSION = 5.0;
				TARGETED_DEVICE_FAMILY = "1,2";
				TEST_HOST = "$(BUILT_PRODUCTS_DIR)/Password.app/$(BUNDLE_EXECUTABLE_FOLDER_PATH)/Password";
			};
			name = Release;
		};
		81CAD2712A0D1EBA00501009 /* Debug */ = {
			isa = XCBuildConfiguration;
			buildSettings = {
				ALWAYS_SEARCH_USER_PATHS = NO;
				CLANG_ANALYZER_NONNULL = YES;
				CLANG_ANALYZER_NUMBER_OBJECT_CONVERSION = YES_AGGRESSIVE;
				CLANG_CXX_LANGUAGE_STANDARD = "gnu++20";
				CLANG_ENABLE_MODULES = YES;
				CLANG_ENABLE_OBJC_ARC = YES;
				CLANG_ENABLE_OBJC_WEAK = YES;
				CLANG_WARN_BLOCK_CAPTURE_AUTORELEASING = YES;
				CLANG_WARN_BOOL_CONVERSION = YES;
				CLANG_WARN_COMMA = YES;
				CLANG_WARN_CONSTANT_CONVERSION = YES;
				CLANG_WARN_DEPRECATED_OBJC_IMPLEMENTATIONS = YES;
				CLANG_WARN_DIRECT_OBJC_ISA_USAGE = YES_ERROR;
				CLANG_WARN_DOCUMENTATION_COMMENTS = YES;
				CLANG_WARN_EMPTY_BODY = YES;
				CLANG_WARN_ENUM_CONVERSION = YES;
				CLANG_WARN_INFINITE_RECURSION = YES;
				CLANG_WARN_INT_CONVERSION = YES;
				CLANG_WARN_NON_LITERAL_NULL_CONVERSION = YES;
				CLANG_WARN_OBJC_IMPLICIT_RETAIN_SELF = YES;
				CLANG_WARN_OBJC_LITERAL_CONVERSION = YES;
				CLANG_WARN_OBJC_ROOT_CLASS = YES_ERROR;
				CLANG_WARN_QUOTED_INCLUDE_IN_FRAMEWORK_HEADER = YES;
				CLANG_WARN_RANGE_LOOP_ANALYSIS = YES;
				CLANG_WARN_STRICT_PROTOTYPES = YES;
				CLANG_WARN_SUSPICIOUS_MOVE = YES;
				CLANG_WARN_UNGUARDED_AVAILABILITY = YES_AGGRESSIVE;
				CLANG_WARN_UNREACHABLE_CODE = YES;
				CLANG_WARN__DUPLICATE_METHOD_MATCH = YES;
				COPY_PHASE_STRIP = NO;
				DEBUG_INFORMATION_FORMAT = dwarf;
				ENABLE_STRICT_OBJC_MSGSEND = YES;
				ENABLE_TESTABILITY = YES;
				GCC_C_LANGUAGE_STANDARD = gnu11;
				GCC_DYNAMIC_NO_PIC = NO;
				GCC_NO_COMMON_BLOCKS = YES;
				GCC_OPTIMIZATION_LEVEL = 0;
				GCC_PREPROCESSOR_DEFINITIONS = (
					"DEBUG=1",
					"$(inherited)",
				);
				GCC_WARN_64_TO_32_BIT_CONVERSION = YES;
				GCC_WARN_ABOUT_RETURN_TYPE = YES_ERROR;
				GCC_WARN_UNDECLARED_SELECTOR = YES;
				GCC_WARN_UNINITIALIZED_AUTOS = YES_AGGRESSIVE;
				GCC_WARN_UNUSED_FUNCTION = YES;
				GCC_WARN_UNUSED_VARIABLE = YES;
				IPHONEOS_DEPLOYMENT_TARGET = 16.4;
				MTL_ENABLE_DEBUG_INFO = INCLUDE_SOURCE;
				MTL_FAST_MATH = YES;
				ONLY_ACTIVE_ARCH = YES;
				SDKROOT = iphoneos;
				SWIFT_ACTIVE_COMPILATION_CONDITIONS = DEBUG;
				SWIFT_OPTIMIZATION_LEVEL = "-Onone";
			};
			name = Debug;
		};
		81CAD2722A0D1EBA00501009 /* Release */ = {
			isa = XCBuildConfiguration;
			buildSettings = {
				ALWAYS_SEARCH_USER_PATHS = NO;
				CLANG_ANALYZER_NONNULL = YES;
				CLANG_ANALYZER_NUMBER_OBJECT_CONVERSION = YES_AGGRESSIVE;
				CLANG_CXX_LANGUAGE_STANDARD = "gnu++20";
				CLANG_ENABLE_MODULES = YES;
				CLANG_ENABLE_OBJC_ARC = YES;
				CLANG_ENABLE_OBJC_WEAK = YES;
				CLANG_WARN_BLOCK_CAPTURE_AUTORELEASING = YES;
				CLANG_WARN_BOOL_CONVERSION = YES;
				CLANG_WARN_COMMA = YES;
				CLANG_WARN_CONSTANT_CONVERSION = YES;
				CLANG_WARN_DEPRECATED_OBJC_IMPLEMENTATIONS = YES;
				CLANG_WARN_DIRECT_OBJC_ISA_USAGE = YES_ERROR;
				CLANG_WARN_DOCUMENTATION_COMMENTS = YES;
				CLANG_WARN_EMPTY_BODY = YES;
				CLANG_WARN_ENUM_CONVERSION = YES;
				CLANG_WARN_INFINITE_RECURSION = YES;
				CLANG_WARN_INT_CONVERSION = YES;
				CLANG_WARN_NON_LITERAL_NULL_CONVERSION = YES;
				CLANG_WARN_OBJC_IMPLICIT_RETAIN_SELF = YES;
				CLANG_WARN_OBJC_LITERAL_CONVERSION = YES;
				CLANG_WARN_OBJC_ROOT_CLASS = YES_ERROR;
				CLANG_WARN_QUOTED_INCLUDE_IN_FRAMEWORK_HEADER = YES;
				CLANG_WARN_RANGE_LOOP_ANALYSIS = YES;
				CLANG_WARN_STRICT_PROTOTYPES = YES;
				CLANG_WARN_SUSPICIOUS_MOVE = YES;
				CLANG_WARN_UNGUARDED_AVAILABILITY = YES_AGGRESSIVE;
				CLANG_WARN_UNREACHABLE_CODE = YES;
				CLANG_WARN__DUPLICATE_METHOD_MATCH = YES;
				COPY_PHASE_STRIP = NO;
				DEBUG_INFORMATION_FORMAT = "dwarf-with-dsym";
				ENABLE_NS_ASSERTIONS = NO;
				ENABLE_STRICT_OBJC_MSGSEND = YES;
				GCC_C_LANGUAGE_STANDARD = gnu11;
				GCC_NO_COMMON_BLOCKS = YES;
				GCC_WARN_64_TO_32_BIT_CONVERSION = YES;
				GCC_WARN_ABOUT_RETURN_TYPE = YES_ERROR;
				GCC_WARN_UNDECLARED_SELECTOR = YES;
				GCC_WARN_UNINITIALIZED_AUTOS = YES_AGGRESSIVE;
				GCC_WARN_UNUSED_FUNCTION = YES;
				GCC_WARN_UNUSED_VARIABLE = YES;
				IPHONEOS_DEPLOYMENT_TARGET = 16.4;
				MTL_ENABLE_DEBUG_INFO = NO;
				MTL_FAST_MATH = YES;
				SDKROOT = iphoneos;
				SWIFT_COMPILATION_MODE = wholemodule;
				SWIFT_OPTIMIZATION_LEVEL = "-O";
				VALIDATE_PRODUCT = YES;
			};
			name = Release;
		};
		81CAD2742A0D1EBA00501009 /* Debug */ = {
			isa = XCBuildConfiguration;
			buildSettings = {
				ASSETCATALOG_COMPILER_APPICON_NAME = AppIcon;
				ASSETCATALOG_COMPILER_GLOBAL_ACCENT_COLOR_NAME = AccentColor;
				CODE_SIGN_STYLE = Automatic;
				CURRENT_PROJECT_VERSION = 1;
				DEVELOPMENT_TEAM = 94LFJU4598;
				GENERATE_INFOPLIST_FILE = YES;
				INFOPLIST_FILE = Password/Info.plist;
				INFOPLIST_KEY_UIApplicationSupportsIndirectInputEvents = YES;
				INFOPLIST_KEY_UILaunchStoryboardName = LaunchScreen;
				INFOPLIST_KEY_UISupportedInterfaceOrientations_iPad = "UIInterfaceOrientationPortrait UIInterfaceOrientationPortraitUpsideDown UIInterfaceOrientationLandscapeLeft UIInterfaceOrientationLandscapeRight";
				INFOPLIST_KEY_UISupportedInterfaceOrientations_iPhone = "UIInterfaceOrientationPortrait UIInterfaceOrientationLandscapeLeft UIInterfaceOrientationLandscapeRight";
				LD_RUNPATH_SEARCH_PATHS = (
					"$(inherited)",
					"@executable_path/Frameworks",
				);
				MARKETING_VERSION = 1.0;
				PRODUCT_BUNDLE_IDENTIFIER = damaren.Password;
				PRODUCT_NAME = "$(TARGET_NAME)";
				SWIFT_EMIT_LOC_STRINGS = YES;
				SWIFT_VERSION = 5.0;
				TARGETED_DEVICE_FAMILY = "1,2";
			};
			name = Debug;
		};
		81CAD2752A0D1EBA00501009 /* Release */ = {
			isa = XCBuildConfiguration;
			buildSettings = {
				ASSETCATALOG_COMPILER_APPICON_NAME = AppIcon;
				ASSETCATALOG_COMPILER_GLOBAL_ACCENT_COLOR_NAME = AccentColor;
				CODE_SIGN_STYLE = Automatic;
				CURRENT_PROJECT_VERSION = 1;
				DEVELOPMENT_TEAM = 94LFJU4598;
				GENERATE_INFOPLIST_FILE = YES;
				INFOPLIST_FILE = Password/Info.plist;
				INFOPLIST_KEY_UIApplicationSupportsIndirectInputEvents = YES;
				INFOPLIST_KEY_UILaunchStoryboardName = LaunchScreen;
				INFOPLIST_KEY_UISupportedInterfaceOrientations_iPad = "UIInterfaceOrientationPortrait UIInterfaceOrientationPortraitUpsideDown UIInterfaceOrientationLandscapeLeft UIInterfaceOrientationLandscapeRight";
				INFOPLIST_KEY_UISupportedInterfaceOrientations_iPhone = "UIInterfaceOrientationPortrait UIInterfaceOrientationLandscapeLeft UIInterfaceOrientationLandscapeRight";
				LD_RUNPATH_SEARCH_PATHS = (
					"$(inherited)",
					"@executable_path/Frameworks",
				);
				MARKETING_VERSION = 1.0;
				PRODUCT_BUNDLE_IDENTIFIER = damaren.Password;
				PRODUCT_NAME = "$(TARGET_NAME)";
				SWIFT_EMIT_LOC_STRINGS = YES;
				SWIFT_VERSION = 5.0;
				TARGETED_DEVICE_FAMILY = "1,2";
			};
			name = Release;
		};
/* End XCBuildConfiguration section */

/* Begin XCConfigurationList section */
		810678652A1114C50024E59C /* Build configuration list for PBXNativeTarget "PasswordTests" */ = {
			isa = XCConfigurationList;
			buildConfigurations = (
				810678632A1114C50024E59C /* Debug */,
				810678642A1114C50024E59C /* Release */,
			);
			defaultConfigurationIsVisible = 0;
			defaultConfigurationName = Release;
		};
		81CAD25A2A0D1EB900501009 /* Build configuration list for PBXProject "Password" */ = {
			isa = XCConfigurationList;
			buildConfigurations = (
				81CAD2712A0D1EBA00501009 /* Debug */,
				81CAD2722A0D1EBA00501009 /* Release */,
			);
			defaultConfigurationIsVisible = 0;
			defaultConfigurationName = Release;
		};
		81CAD2732A0D1EBA00501009 /* Build configuration list for PBXNativeTarget "Password" */ = {
			isa = XCConfigurationList;
			buildConfigurations = (
				81CAD2742A0D1EBA00501009 /* Debug */,
				81CAD2752A0D1EBA00501009 /* Release */,
			);
			defaultConfigurationIsVisible = 0;
			defaultConfigurationName = Release;
		};
/* End XCConfigurationList section */
	};
	rootObject = 81CAD2572A0D1EB900501009 /* Project object */;
}
